
Microsoft Visual Studio Solution File, Format Version 12.00
# Visual Studio Version 17
VisualStudioVersion = 17.3.32922.545
MinimumVisualStudioVersion = 10.0.40219.1
Project("{FAE04EC0-301F-11D3-BF4B-00C04F79EFBC}") = "HomeWork31Function4(Игра по мотивам пакмена)", "HomeWork31Function4(Игра по мотивам пакмена)\HomeWork31Function4(Игра по мотивам пакмена).csproj", "{B591C5A2-8BF0-4E3A-B902-619160988173}"
EndProject
Global
	GlobalSection(SolutionConfigurationPlatforms) = preSolution
		Debug|Any CPU = Debug|Any CPU
		Release|Any CPU = Release|Any CPU
	EndGlobalSection
	GlobalSection(ProjectConfigurationPlatforms) = postSolution
		{B591C5A2-8BF0-4E3A-B902-619160988173}.Debug|Any CPU.ActiveCfg = Debug|Any CPU
		{B591C5A2-8BF0-4E3A-B902-619160988173}.Debug|Any CPU.Build.0 = Debug|Any CPU
		{B591C5A2-8BF0-4E3A-B902-619160988173}.Release|Any CPU.ActiveCfg = Release|Any CPU
		{B591C5A2-8BF0-4E3A-B902-619160988173}.Release|Any CPU.Build.0 = Release|Any CPU
	EndGlobalSection
	GlobalSection(SolutionProperties) = preSolution
		HideSolutionNode = FALSE
	EndGlobalSection
	GlobalSection(ExtensibilityGlobals) = postSolution
		SolutionGuid = {14802DF5-E13C-44C2-9DD7-13A48E195B14}
	EndGlobalSection
EndGlobal
